# This file is automatically @generated by Poetry 1.8.3 and should not be changed by hand.

[[package]]
name = "sqlglot"
version = "25.15.0"
description = "An easily customizable SQL parser and transpiler"
optional = false
python-versions = ">=3.7"
files = [
    {file = "sqlglot-25.15.0-py3-none-any.whl", hash = "sha256:86bb8c4214cc39e93f51776a50fe74fae3b1a61c21710a05e7913aa4b30ec1d7"},
    {file = "sqlglot-25.15.0.tar.gz", hash = "sha256:b6bb428a3c0845021a02becf343efe5ad97a3f2d0f1a0472b2b9877188cdf646"},
]

[package.dependencies]
sqlglotrs = {version = "0.2.8", optional = true, markers = "extra == \"rs\""}

[package.extras]
dev = ["duckdb (>=0.6)", "maturin (>=1.4,<2.0)", "mypy", "pandas", "pandas-stubs", "pdoc", "pre-commit", "python-dateutil", "ruff (==0.4.3)", "types-python-dateutil", "typing-extensions"]
rs = ["sqlglotrs (==0.2.8)"]

[[package]]
name = "sqlglotrs"
version = "0.2.8"
description = ""
optional = false
python-versions = ">=3.7"
files = [
    {file = "sqlglotrs-0.2.8-cp310-cp310-macosx_10_12_x86_64.whl", hash = "sha256:24e82375d2c004b98cbd814602236e4056194c90cf2523dbdecc0cb53a04e030"},
    {file = "sqlglotrs-0.2.8-cp310-cp310-macosx_11_0_arm64.whl", hash = "sha256:cc043373971953f67558e24082d5bf23205401caff684cfb5c6828e9ccc58f1c"},
    {file = "sqlglotrs-0.2.8-cp310-cp310-manylinux_2_17_aarch64.manylinux2014_aarch64.whl", hash = "sha256:d9e8e3349c0984e06494317d96416dd5b56f2aa66df60feb28b6005a67a3ac17"},
    {file = "sqlglotrs-0.2.8-cp310-cp310-manylinux_2_17_armv7l.manylinux2014_armv7l.whl", hash = "sha256:141aa79fd40b2911fbb0976a8f8f4ac83b1b28d454c5249dd7ea068c48c7a810"},
    {file = "sqlglotrs-0.2.8-cp310-cp310-manylinux_2_17_ppc64le.manylinux2014_ppc64le.whl", hash = "sha256:88695b00e5a04251569c9bb64265a2869f1ca27db31c5bc25237e8ad5d7b54c4"},
    {file = "sqlglotrs-0.2.8-cp310-cp310-manylinux_2_17_s390x.manylinux2014_s390x.whl", hash = "sha256:389275e162075d9f516f76b97f8b28de959cc60b1263725fabe9d081b6b729b9"},
    {file = "sqlglotrs-0.2.8-cp310-cp310-manylinux_2_17_x86_64.manylinux2014_x86_64.whl", hash = "sha256:8f2e41df30777adc5f0b3def20e6ac6ba052b20f152cb4d03e9494d0483f9103"},
    {file = "sqlglotrs-0.2.8-cp310-cp310-manylinux_2_5_i686.manylinux1_i686.whl", hash = "sha256:7b49ebe6c17ca4b4622b88b110447ac7cbd087b7f3c0e0ee2f4a815c739f2300"},
    {file = "sqlglotrs-0.2.8-cp310-none-win32.whl", hash = "sha256:50bd7d3fccb043fb080edd65041286131ad09d5fb526ee8ce12d000a17866bfd"},
    {file = "sqlglotrs-0.2.8-cp310-none-win_amd64.whl", hash = "sha256:ad2b09aa06d004662be281c688b4665d466cafc7574c38c518230bc8edab52a2"},
    {file = "sqlglotrs-0.2.8-cp311-cp311-macosx_10_12_x86_64.whl", hash = "sha256:26c4842816a2dc6ea9b62afccfe6d1491c93afb0b808af981b9ba6f6490761c8"},
    {file = "sqlglotrs-0.2.8-cp311-cp311-macosx_11_0_arm64.whl", hash = "sha256:c5e163928006eb0e4719f8eda485d79ef9768644d8f320d806da6c64bed6cdd7"},
    {file = "sqlglotrs-0.2.8-cp311-cp311-manylinux_2_17_aarch64.manylinux2014_aarch64.whl", hash = "sha256:08967b891b0e184c9008032fde519a0b934a4bb237024f853bd7b0e76a14dcc8"},
    {file = "sqlglotrs-0.2.8-cp311-cp311-manylinux_2_17_armv7l.manylinux2014_armv7l.whl", hash = "sha256:c95d9e8ccbe4380f669df51045822a75f0de6a0f98753ec33b9103f4f609f0d2"},
    {file = "sqlglotrs-0.2.8-cp311-cp311-manylinux_2_17_ppc64le.manylinux2014_ppc64le.whl", hash = "sha256:3c3750b48a1273b884ea057d2e3e37f443e35390785ed099fb7789fb32f67195"},
    {file = "sqlglotrs-0.2.8-cp311-cp311-manylinux_2_17_s390x.manylinux2014_s390x.whl", hash = "sha256:20f131190bad15bdf4daae1e9853c843545efb0d8bc2199e9722abb4fde47447"},
    {file = "sqlglotrs-0.2.8-cp311-cp311-manylinux_2_17_x86_64.manylinux2014_x86_64.whl", hash = "sha256:588f0a16bc08371d0bdc6f3cedba2902a03b1e3f8d98bd82c049dfafe8272afb"},
    {file = "sqlglotrs-0.2.8-cp311-cp311-manylinux_2_5_i686.manylinux1_i686.whl", hash = "sha256:284a237a3f3ff6bfc8307da544dd47c5f714d6b586cc0f15e8baa836cddcd729"},
    {file = "sqlglotrs-0.2.8-cp311-none-win32.whl", hash = "sha256:6b05462e2570855a76d4523d18ccdf5da9f17c09018727764581d66db967796a"},
    {file = "sqlglotrs-0.2.8-cp311-none-win_amd64.whl", hash = "sha256:60e59aa0052a86f26febb3c3cff76028a36023e8d38bec76ce2b2bb8023a0b75"},
    {file = "sqlglotrs-0.2.8-cp312-cp312-macosx_10_12_x86_64.whl", hash = "sha256:bb97d7e90b244005bfa783bf7de65fd9a0748731a16b06412b7eeedc30756553"},
    {file = "sqlglotrs-0.2.8-cp312-cp312-macosx_11_0_arm64.whl", hash = "sha256:b81996937b32d5c734e507c22f03847a7348abdea59c07b56669a0c620157acd"},
    {file = "sqlglotrs-0.2.8-cp312-cp312-manylinux_2_17_aarch64.manylinux2014_aarch64.whl", hash = "sha256:70d2b395ca2c5bc35c9f59063f8298ba4353470cf3aa4adf43576ecc742111cf"},
    {file = "sqlglotrs-0.2.8-cp312-cp312-manylinux_2_17_armv7l.manylinux2014_armv7l.whl", hash = "sha256:27cf838fe731105d6ecc1fc80ea4603357a3e02824721176502ea3ed10461191"},
    {file = "sqlglotrs-0.2.8-cp312-cp312-manylinux_2_17_ppc64le.manylinux2014_ppc64le.whl", hash = "sha256:ba65c687eb6d41f357b4b03657d76fdfc1d1c582835271d0abc7d125d910bf13"},
    {file = "sqlglotrs-0.2.8-cp312-cp312-manylinux_2_17_s390x.manylinux2014_s390x.whl", hash = "sha256:a02447644e7092df11d2acefb07d94c83a84f01599ac0fe4e3ca9f17a0f9c125"},
    {file = "sqlglotrs-0.2.8-cp312-cp312-manylinux_2_17_x86_64.manylinux2014_x86_64.whl", hash = "sha256:010e453e7f86a5b26e2cb31c7bbdadaf4131fc5b7c9cfd79a42d4b989446c317"},
    {file = "sqlglotrs-0.2.8-cp312-cp312-manylinux_2_5_i686.manylinux1_i686.whl", hash = "sha256:da42b7c8595dcd008b6bb61ffbad241ccf0269fa2f555c7e703b79568a959a7c"},
    {file = "sqlglotrs-0.2.8-cp312-none-win32.whl", hash = "sha256:56321198b8bb2d5268f55945465fbadc23ac00d6f143b93b13c31263e5e22151"},
    {file = "sqlglotrs-0.2.8-cp312-none-win_amd64.whl", hash = "sha256:1798db5197d4f450efc8585c9c6d5d554d25d1cdfe3c2a8de147e116ea09fa5f"},
    {file = "sqlglotrs-0.2.8-cp37-cp37m-macosx_10_12_x86_64.whl", hash = "sha256:03bed19b8cabdd19221e9407620f0e39e0177022aff92724168b88f68578562d"},
    {file = "sqlglotrs-0.2.8-cp37-cp37m-macosx_11_0_arm64.whl", hash = "sha256:fb41c2e79e47fdf796e33cf32c444f1bade7d56b127356a5120676c34b0d14bc"},
    {file = "sqlglotrs-0.2.8-cp37-cp37m-manylinux_2_17_aarch64.manylinux2014_aarch64.whl", hash = "sha256:5a9155a7b4bd46f9df867ebbd8d04fb171d284f745a5f70178da269734a834bf"},
    {file = "sqlglotrs-0.2.8-cp37-cp37m-manylinux_2_17_armv7l.manylinux2014_armv7l.whl", hash = "sha256:20876f8cc63936153edb1be9b9caa0f81bf13e91745f9d2df9fc7117affcbea8"},
    {file = "sqlglotrs-0.2.8-cp37-cp37m-manylinux_2_17_ppc64le.manylinux2014_ppc64le.whl", hash = "sha256:f088f74ef2f6251536b70a8b1be9b7497a82fa8e2cc85b9830860ad540c3de07"},
    {file = "sqlglotrs-0.2.8-cp37-cp37m-manylinux_2_17_s390x.manylinux2014_s390x.whl", hash = "sha256:78bb4fc644887cb66f19362e6a8e066e1986ffb6e602b38a7afd9a0c709f6362"},
    {file = "sqlglotrs-0.2.8-cp37-cp37m-manylinux_2_17_x86_64.manylinux2014_x86_64.whl", hash = "sha256:84de27c1f248465f6e98a3ec175a3c5b2debe01b7027628f65366e395568eaf1"},
    {file = "sqlglotrs-0.2.8-cp37-cp37m-manylinux_2_5_i686.manylinux1_i686.whl", hash = "sha256:b15ddb34c6d9ef631df70ed0780628eb04cc8d0359edcb1246cabcec0cc14971"},
    {file = "sqlglotrs-0.2.8-cp37-none-win32.whl", hash = "sha256:d1091950daa7e53ce6239f4607c74a9761a3a20692658f0cd4d2231705e9d8ea"},
    {file = "sqlglotrs-0.2.8-cp37-none-win_amd64.whl", hash = "sha256:65f9afc8f9ac26fc7dcfe9f4380f9071c03ab615017b7c316db4c5962c162a62"},
    {file = "sqlglotrs-0.2.8-cp38-cp38-macosx_10_12_x86_64.whl", hash = "sha256:38a56de8bf7a3b43ef11a49ff88dbef9558dcb805f1a206081547bdd707af271"},
    {file = "sqlglotrs-0.2.8-cp38-cp38-macosx_11_0_arm64.whl", hash = "sha256:bb6ff9837a3564f4e6b87475a99a8f5e3311b88f505778d674a5264bb50bb13d"},
    {file = "sqlglotrs-0.2.8-cp38-cp38-manylinux_2_17_aarch64.manylinux2014_aarch64.whl", hash = "sha256:7a4fff83f7321fa445c5868f632f395f5e5e35c283b05751a6fe3ec30dfc76ba"},
    {file = "sqlglotrs-0.2.8-cp38-cp38-manylinux_2_17_armv7l.manylinux2014_armv7l.whl", hash = "sha256:cf9079fb799001d428964cacf01d54222f31a080520b959f3908f37bd0da2fec"},
    {file = "sqlglotrs-0.2.8-cp38-cp38-manylinux_2_17_ppc64le.manylinux2014_ppc64le.whl", hash = "sha256:57f38e44ea07640495790469394a2df2d5b8b53d70b37212faaa6ae5621fb1ed"},
    {file = "sqlglotrs-0.2.8-cp38-cp38-manylinux_2_17_s390x.manylinux2014_s390x.whl", hash = "sha256:8b8ed26ff6eba66b79cc52e0c1c9caf3a2972cd2dcd234413a3e313575b52561"},
    {file = "sqlglotrs-0.2.8-cp38-cp38-manylinux_2_17_x86_64.manylinux2014_x86_64.whl", hash = "sha256:88d9bbed1352daa44171cd679150358bd81c91a6a1b46dc4a14cc41f95de4d09"},
    {file = "sqlglotrs-0.2.8-cp38-cp38-manylinux_2_5_i686.manylinux1_i686.whl", hash = "sha256:8cac4be0fabf0a6dba9e5a0d9ddde13a3e38717f3f538c2b955c71fd33307020"},
    {file = "sqlglotrs-0.2.8-cp38-none-win32.whl", hash = "sha256:dab5c9a0eedfe7fb9d3e7956bbf707db4241e0c83c603bd6ac38dffee9bfb731"},
    {file = "sqlglotrs-0.2.8-cp38-none-win_amd64.whl", hash = "sha256:0c3baa393e4bb064075cb0b3ff48806dfee1f0eb2fb2ffc592cba4636b6ed07f"},
    {file = "sqlglotrs-0.2.8-cp39-cp39-macosx_10_12_x86_64.whl", hash = "sha256:7c69b6bd458e3129dcb9b9d76bda9829a30e88089a5540c280f145434f0bd9bc"},
    {file = "sqlglotrs-0.2.8-cp39-cp39-macosx_11_0_arm64.whl", hash = "sha256:b4a9bb015c9bee16a00e73a4250534019b492d4e010c2158de54b4105e9d3f29"},
    {file = "sqlglotrs-0.2.8-cp39-cp39-manylinux_2_17_aarch64.manylinux2014_aarch64.whl", hash = "sha256:3cd9cd6af79623b09828848488771cd2d879f72da3827421c6f0125dd509de5c"},
    {file = "sqlglotrs-0.2.8-cp39-cp39-manylinux_2_17_armv7l.manylinux2014_armv7l.whl", hash = "sha256:5d0748086dcba0126aff9c28342adf90541b57facff1af70b59f81c911a9dafd"},
    {file = "sqlglotrs-0.2.8-cp39-cp39-manylinux_2_17_ppc64le.manylinux2014_ppc64le.whl", hash = "sha256:f3451c9337a561ae51eeebbff9c6ed75798655a85e95684ba751ad13af35ed2d"},
    {file = "sqlglotrs-0.2.8-cp39-cp39-manylinux_2_17_s390x.manylinux2014_s390x.whl", hash = "sha256:21e732aed7fc889671d939519dc2791ca72a30996ba5a5509e732736344c3282"},
    {file = "sqlglotrs-0.2.8-cp39-cp39-manylinux_2_17_x86_64.manylinux2014_x86_64.whl", hash = "sha256:95ba5cec63d1add75a25100987d8cf0fd0935a864351a846cb56418c8bf2f0e9"},
    {file = "sqlglotrs-0.2.8-cp39-cp39-manylinux_2_5_i686.manylinux1_i686.whl", hash = "sha256:4d098963cbc1121f63ef8191aff0b87e43dff8937e5ea309a6957d66c5040e90"},
    {file = "sqlglotrs-0.2.8-cp39-none-win32.whl", hash = "sha256:57c33aec2593728cadbd29df09e03e0f3d0c17cacf303dd9ea6745c8e4e8ff60"},
    {file = "sqlglotrs-0.2.8-cp39-none-win_amd64.whl", hash = "sha256:eae62e5c11bca383a81b0f4c8c9f1695812baa7398511a3644420daac2f27b1d"},
    {file = "sqlglotrs-0.2.8.tar.gz", hash = "sha256:7a9c451cd850621ff2da1ff660a72ae6ceba562a2d629659b70427edf2c09b58"},
]

[metadata]
lock-version = "2.0"
python-versions = "^3.12"
content-hash = "eb18338d5fde102c231fab5f5ec89aa3508cb23a55e21ef87c3b021c91f652b2"
